
Microsoft Visual Studio Solution File, Format Version 12.00
# Visual Studio Version 17
VisualStudioVersion = 17.6.33723.286
MinimumVisualStudioVersion = 10.0.40219.1
Project("{FAE04EC0-301F-11D3-BF4B-00C04F79EFBC}") = "TodoApp", "TodoApp\TodoApp.csproj", "{71B4C7C3-6885-4A03-84DF-1443F89092CA}"
EndProject
Global
	GlobalSection(SolutionConfigurationPlatforms) = preSolution
		Debug|Any CPU = Debug|Any CPU
		Release|Any CPU = Release|Any CPU
	EndGlobalSection
	GlobalSection(ProjectConfigurationPlatforms) = postSolution
		{71B4C7C3-6885-4A03-84DF-1443F89092CA}.Debug|Any CPU.ActiveCfg = Debug|Any CPU
		{71B4C7C3-6885-4A03-84DF-1443F89092CA}.Debug|Any CPU.Build.0 = Debug|Any CPU
		{71B4C7C3-6885-4A03-84DF-1443F89092CA}.Release|Any CPU.ActiveCfg = Release|Any CPU
		{71B4C7C3-6885-4A03-84DF-1443F89092CA}.Release|Any CPU.Build.0 = Release|Any CPU
	EndGlobalSection
	GlobalSection(SolutionProperties) = preSolution
		HideSolutionNode = FALSE
	EndGlobalSection
	GlobalSection(ExtensibilityGlobals) = postSolution
		SolutionGuid = {C7243234-75B5-41A6-8EBA-ACE7A01BD7DC}
	EndGlobalSection
EndGlobal
